// !$*UTF8*$!
{
	archiveVersion = 1;
	classes = {
	};
	objectVersion = 48;
	objects = {

/* Begin PBXBuildFile section */
		FBE8FC24204BF0BA00A99CD1 /* AppDelegate.m in Sources */ = {isa = PBXBuildFile; fileRef = FBE8FC23204BF0BA00A99CD1 /* AppDelegate.m */; };
		FBE8FC27204BF0BA00A99CD1 /* ViewController.m in Sources */ = {isa = PBXBuildFile; fileRef = FBE8FC26204BF0BA00A99CD1 /* ViewController.m */; };
		FBE8FC2A204BF0BA00A99CD1 /* Main.storyboard in Resources */ = {isa = PBXBuildFile; fileRef = FBE8FC28204BF0BA00A99CD1 /* Main.storyboard */; };
		FBE8FC2C204BF0BA00A99CD1 /* Assets.xcassets in Resources */ = {isa = PBXBuildFile; fileRef = FBE8FC2B204BF0BA00A99CD1 /* Assets.xcassets */; };
		FBE8FC2F204BF0BA00A99CD1 /* LaunchScreen.storyboard in Resources */ = {isa = PBXBuildFile; fileRef = FBE8FC2D204BF0BA00A99CD1 /* LaunchScreen.storyboard */; };
		FBE8FC32204BF0BA00A99CD1 /* main.m in Sources */ = {isa = PBXBuildFile; fileRef = FBE8FC31204BF0BA00A99CD1 /* main.m */; };
/* End PBXBuildFile section */

/* Begin PBXFileReference section */
		FBE8FC1F204BF0B900A99CD1 /* TestProj.app */ = {isa = PBXFileReference; explicitFileType = wrapper.application; includeInIndex = 0; path = TestProj.app; sourceTree = BUILT_PRODUCTS_DIR; };
		FBE8FC22204BF0BA00A99CD1 /* AppDelegate.h */ = {isa = PBXFileReference; lastKnownFileType = sourcecode.c.h; path = AppDelegate.h; sourceTree = "<group>"; };
		FBE8FC23204BF0BA00A99CD1 /* AppDelegate.m */ = {isa = PBXFileReference; lastKnownFileType = sourcecode.c.objc; path = AppDelegate.m; sourceTree = "<group>"; };
		FBE8FC25204BF0BA00A99CD1 /* ViewController.h */ = {isa = PBXFileReference; lastKnownFileType = sourcecode.c.h; path = ViewController.h; sourceTree = "<group>"; };
		FBE8FC26204BF0BA00A99CD1 /* ViewController.m */ = {isa = PBXFileReference; lastKnownFileType = sourcecode.c.objc; path = ViewController.m; sourceTree = "<group>"; };
		FBE8FC29204BF0BA00A99CD1 /* Base */ = {isa = PBXFileReference; lastKnownFileType = file.storyboard; name = Base; path = Base.lproj/Main.storyboard; sourceTree = "<group>"; };
		FBE8FC2B204BF0BA00A99CD1 /* Assets.xcassets */ = {isa = PBXFileReference; lastKnownFileType = folder.assetcatalog; path = Assets.xcassets; sourceTree = "<group>"; };
		FBE8FC2E204BF0BA00A99CD1 /* Base */ = {isa = PBXFileReference; lastKnownFileType = file.storyboard; name = Base; path = Base.lproj/LaunchScreen.storyboard; sourceTree = "<group>"; };
		FBE8FC30204BF0BA00A99CD1 /* Info.plist */ = {isa = PBXFileReference; lastKnownFileType = text.plist.xml; path = Info.plist; sourceTree = "<group>"; };
		FBE8FC31204BF0BA00A99CD1 /* main.m */ = {isa = PBXFileReference; lastKnownFileType = sourcecode.c.objc; path = main.m; sourceTree = "<group>"; };
/* End PBXFileReference section */

/* Begin PBXFrameworksBuildPhase section */
		FBE8FC1C204BF0B900A99CD1 /* Frameworks */ = {
			isa = PBXFrameworksBuildPhase;
			buildActionMask = 2147483647;
			files = (
			);
			runOnlyForDeploymentPostprocessing = 0;
		};
/* End PBXFrameworksBuildPhase section */

/* Begin PBXGroup section */
		FBE8FC16204BF0B900A99CD1 = {
			isa = PBXGroup;
			children = (
				FBE8FC21204BF0B900A99CD1 /* TestProj */,
				FBE8FC20204BF0B900A99CD1 /* Products */,
			);
			sourceTree = "<group>";
		};
		FBE8FC20204BF0B900A99CD1 /* Products */ = {
			isa = PBXGroup;
			children = (
				FBE8FC1F204BF0B900A99CD1 /* TestProj.app */,
			);
			name = Products;
			sourceTree = "<group>";
		};
		FBE8FC21204BF0B900A99CD1 /* TestProj */ = {
			isa = PBXGroup;
			children = (
				FBE8FC22204BF0BA00A99CD1 /* AppDelegate.h */,
				FBE8FC23204BF0BA00A99CD1 /* AppDelegate.m */,
				FBE8FC25204BF0BA00A99CD1 /* ViewController.h */,
				FBE8FC26204BF0BA00A99CD1 /* ViewController.m */,
				FBE8FC28204BF0BA00A99CD1 /* Main.storyboard */,
				FBE8FC2B204BF0BA00A99CD1 /* Assets.xcassets */,
				FBE8FC2D204BF0BA00A99CD1 /* LaunchScreen.storyboard */,
				FBE8FC30204BF0BA00A99CD1 /* Info.plist */,
				FBE8FC31204BF0BA00A99CD1 /* main.m */,
			);
			path = TestProj;
			sourceTree = "<group>";
		};
/* End PBXGroup section */

/* Begin PBXNativeTarget section */
		FBE8FC1E204BF0B900A99CD1 /* TestProj */ = {
			isa = PBXNativeTarget;
			buildConfigurationList = FBE8FC35204BF0BA00A99CD1 /* Build configuration list for PBXNativeTarget "TestProj" */;
			buildPhases = (
				FBE8FC1B204BF0B900A99CD1 /* Sources */,
				FBE8FC1C204BF0B900A99CD1 /* Frameworks */,
				FBE8FC1D204BF0B900A99CD1 /* Resources */,
			);
			buildRules = (
			);
			dependencies = (
			);
			name = TestProj;
			productName = TestProj;
			productReference = FBE8FC1F204BF0B900A99CD1 /* TestProj.app */;
			productType = "com.apple.product-type.application";
		};
/* End PBXNativeTarget section */

/* Begin PBXProject section */
		FBE8FC17204BF0B900A99CD1 /* Project object */ = {
			isa = PBXProject;
			attributes = {
				LastUpgradeCheck = 0920;
				ORGANIZATIONNAME = wenfeng;
				TargetAttributes = {
					FBE8FC1E204BF0B900A99CD1 = {
						CreatedOnToolsVersion = 9.2;
						ProvisioningStyle = Automatic;
					};
				};
			};
			buildConfigurationList = FBE8FC1A204BF0B900A99CD1 /* Build configuration list for PBXProject "TestProj" */;
			compatibilityVersion = "Xcode 8.0";
			developmentRegion = en;
			hasScannedForEncodings = 0;
			knownRegions = (
				en,
				Base,
			);
			mainGroup = FBE8FC16204BF0B900A99CD1;
			productRefGroup = FBE8FC20204BF0B900A99CD1 /* Products */;
			projectDirPath = "";
			projectRoot = "";
			targets = (
				FBE8FC1E204BF0B900A99CD1 /* TestProj */,
			);
		};
/* End PBXProject section */

/* Begin PBXResourcesBuildPhase section */
		FBE8FC1D204BF0B900A99CD1 /* Resources */ = {
			isa = PBXResourcesBuildPhase;
			buildActionMask = 2147483647;
			files = (
				FBE8FC2F204BF0BA00A99CD1 /* LaunchScreen.storyboard in Resources */,
				FBE8FC2C204BF0BA00A99CD1 /* Assets.xcassets in Resources */,
				FBE8FC2A204BF0BA00A99CD1 /* Main.storyboard in Resources */,
			);
			runOnlyForDeploymentPostprocessing = 0;
		};
/* End PBXResourcesBuildPhase section */

/* Begin PBXSourcesBuildPhase section */
		FBE8FC1B204BF0B900A99CD1 /* Sources */ = {
			isa = PBXSourcesBuildPhase;
			buildActionMask = 2147483647;
			files = (
				FBE8FC27204BF0BA00A99CD1 /* ViewController.m in Sources */,
				FBE8FC32204BF0BA00A99CD1 /* main.m in Sources */,
				FBE8FC24204BF0BA00A99CD1 /* AppDelegate.m in Sources */,
			);
			runOnlyForDeploymentPostprocessing = 0;
		};
/* End PBXSourcesBuildPhase section */

/* Begin PBXVariantGroup section */
		FBE8FC28204BF0BA00A99CD1 /* Main.storyboard */ = {
			isa = PBXVariantGroup;
			children = (
				FBE8FC29204BF0BA00A99CD1 /* Base */,
			);
			name = Main.storyboard;
			sourceTree = "<group>";
		};
		FBE8FC2D204BF0BA00A99CD1 /* LaunchScreen.storyboard */ = {
			isa = PBXVariantGroup;
			children = (
				FBE8FC2E204BF0BA00A99CD1 /* Base */,
			);
			name = LaunchScreen.storyboard;
			sourceTree = "<group>";
		};
/* End PBXVariantGroup section */

/* Begin XCBuildConfiguration section */
		FBE8FC33204BF0BA00A99CD1 /* Debug */ = {
			isa = XCBuildConfiguration;
			buildSettings = {
				ALWAYS_SEARCH_USER_PATHS = NO;
				CLANG_ANALYZER_NONNULL = YES;
				CLANG_ANALYZER_NUMBER_OBJECT_CONVERSION = YES_AGGRESSIVE;
				CLANG_CXX_LANGUAGE_STANDARD = "gnu++14";
				CLANG_CXX_LIBRARY = "libc++";
				CLANG_ENABLE_MODULES = YES;
				CLANG_ENABLE_OBJC_ARC = YES;
				CLANG_WARN_BLOCK_CAPTURE_AUTORELEASING = YES;
				CLANG_WARN_BOOL_CONVERSION = YES;
				CLANG_WARN_COMMA = YES;
				CLANG_WARN_CONSTANT_CONVERSION = YES;
				CLANG_WARN_DIRECT_OBJC_ISA_USAGE = YES_ERROR;
				CLANG_WARN_DOCUMENTATION_COMMENTS = YES;
				CLANG_WARN_EMPTY_BODY = YES;
				CLANG_WARN_ENUM_CONVERSION = YES;
				CLANG_WARN_INFINITE_RECURSION = YES;
				CLANG_WARN_INT_CONVERSION = YES;
				CLANG_WARN_NON_LITERAL_NULL_CONVERSION = YES;
				CLANG_WARN_OBJC_LITERAL_CONVERSION = YES;
				CLANG_WARN_OBJC_ROOT_CLASS = YES_ERROR;
				CLANG_WARN_RANGE_LOOP_ANALYSIS = YES;
				CLANG_WARN_STRICT_PROTOTYPES = YES;
				CLANG_WARN_SUSPICIOUS_MOVE = YES;
				CLANG_WARN_UNGUARDED_AVAILABILITY = YES_AGGRESSIVE;
				CLANG_WARN_UNREACHABLE_CODE = YES;
				CLANG_WARN__DUPLICATE_METHOD_MATCH = YES;
				CODE_SIGN_IDENTITY = "iPhone Developer";
				COPY_PHASE_STRIP = NO;
				DEBUG_INFORMATION_FORMAT = dwarf;
				ENABLE_STRICT_OBJC_MSGSEND = YES;
				ENABLE_TESTABILITY = YES;
				GCC_C_LANGUAGE_STANDARD = gnu11;
				GCC_DYNAMIC_NO_PIC = NO;
				GCC_NO_COMMON_BLOCKS = YES;
				GCC_OPTIMIZATION_LEVEL = 0;
				GCC_PREPROCESSOR_DEFINITIONS = (
					"DEBUG=1",
					"$(inherited)",
				);
				GCC_WARN_64_TO_32_BIT_CONVERSION = YES;
				GCC_WARN_ABOUT_RETURN_TYPE = YES_ERROR;
				GCC_WARN_UNDECLARED_SELECTOR = YES;
				GCC_WARN_UNINITIALIZED_AUTOS = YES_AGGRESSIVE;
				GCC_WARN_UNUSED_FUNCTION = YES;
				GCC_WARN_UNUSED_VARIABLE = YES;
				IPHONEOS_DEPLOYMENT_TARGET = 11.2;
				MTL_ENABLE_DEBUG_INFO = YES;
				ONLY_ACTIVE_ARCH = YES;
				SDKROOT = iphoneos;
			};
			name = Debug;
		};
		FBE8FC34204BF0BA00A99CD1 /* Release */ = {
			isa = XCBuildConfiguration;
			buildSettings = {
				ALWAYS_SEARCH_USER_PATHS = NO;
				CLANG_ANALYZER_NONNULL = YES;
				CLANG_ANALYZER_NUMBER_OBJECT_CONVERSION = YES_AGGRESSIVE;
				CLANG_CXX_LANGUAGE_STANDARD = "gnu++14";
				CLANG_CXX_LIBRARY = "libc++";
				CLANG_ENABLE_MODULES = YES;
				CLANG_ENABLE_OBJC_ARC = YES;
				CLANG_WARN_BLOCK_CAPTURE_AUTORELEASING = YES;
				CLANG_WARN_BOOL_CONVERSION = YES;
				CLANG_WARN_COMMA = YES;
				CLANG_WARN_CONSTANT_CONVERSION = YES;
				CLANG_WARN_DIRECT_OBJC_ISA_USAGE = YES_ERROR;
				CLANG_WARN_DOCUMENTATION_COMMENTS = YES;
				CLANG_WARN_EMPTY_BODY = YES;
				CLANG_WARN_ENUM_CONVERSION = YES;
				CLANG_WARN_INFINITE_RECURSION = YES;
				CLANG_WARN_INT_CONVERSION = YES;
				CLANG_WARN_NON_LITERAL_NULL_CONVERSION = YES;
				CLANG_WARN_OBJC_LITERAL_CONVERSION = YES;
				CLANG_WARN_OBJC_ROOT_CLASS = YES_ERROR;
				CLANG_WARN_RANGE_LOOP_ANALYSIS = YES;
				CLANG_WARN_STRICT_PROTOTYPES = YES;
				CLANG_WARN_SUSPICIOUS_MOVE = YES;
				CLANG_WARN_UNGUARDED_AVAILABILITY = YES_AGGRESSIVE;
				CLANG_WARN_UNREACHABLE_CODE = YES;
				CLANG_WARN__DUPLICATE_METHOD_MATCH = YES;
				CODE_SIGN_IDENTITY = "iPhone Developer";
				COPY_PHASE_STRIP = NO;
				DEBUG_INFORMATION_FORMAT = "dwarf-with-dsym";
				ENABLE_NS_ASSERTIONS = NO;
				ENABLE_STRICT_OBJC_MSGSEND = YES;
				GCC_C_LANGUAGE_STANDARD = gnu11;
				GCC_NO_COMMON_BLOCKS = YES;
				GCC_WARN_64_TO_32_BIT_CONVERSION = YES;
				GCC_WARN_ABOUT_RETURN_TYPE = YES_ERROR;
				GCC_WARN_UNDECLARED_SELECTOR = YES;
				GCC_WARN_UNINITIALIZED_AUTOS = YES_AGGRESSIVE;
				GCC_WARN_UNUSED_FUNCTION = YES;
				GCC_WARN_UNUSED_VARIABLE = YES;
				IPHONEOS_DEPLOYMENT_TARGET = 11.2;
				MTL_ENABLE_DEBUG_INFO = NO;
				SDKROOT = iphoneos;
				VALIDATE_PRODUCT = YES;
			};
			name = Release;
		};
		FBE8FC36204BF0BA00A99CD1 /* Debug */ = {
			isa = XCBuildConfiguration;
			buildSettings = {
				ASSETCATALOG_COMPILER_APPICON_NAME = AppIcon;
				CODE_SIGN_STYLE = Automatic;
				DEVELOPMENT_TEAM = FK95JA8J52;
				INFOPLIST_FILE = TestProj/Info.plist;
				LD_RUNPATH_SEARCH_PATHS = "$(inherited) @executable_path/Frameworks";
				PRODUCT_BUNDLE_IDENTIFIER = com.xiaoxi.TestProj;
				PRODUCT_NAME = "$(TARGET_NAME)";
				TARGETED_DEVICE_FAMILY = "1,2";
			};
			name = Debug;
		};
		FBE8FC37204BF0BA00A99CD1 /* Release */ = {
			isa = XCBuildConfiguration;
			buildSettings = {
				ASSETCATALOG_COMPILER_APPICON_NAME = AppIcon;
				CODE_SIGN_STYLE = Automatic;
				DEVELOPMENT_TEAM = FK95JA8J52;
				INFOPLIST_FILE = TestProj/Info.plist;
				LD_RUNPATH_SEARCH_PATHS = "$(inherited) @executable_path/Frameworks";
				PRODUCT_BUNDLE_IDENTIFIER = com.xiaoxi.TestProj;
				PRODUCT_NAME = "$(TARGET_NAME)";
				TARGETED_DEVICE_FAMILY = "1,2";
			};
			name = Release;
		};
/* End XCBuildConfiguration section */

/* Begin XCConfigurationList section */
		FBE8FC1A204BF0B900A99CD1 /* Build configuration list for PBXProject "TestProj" */ = {
			isa = XCConfigurationList;
			buildConfigurations = (
				FBE8FC33204BF0BA00A99CD1 /* Debug */,
				FBE8FC34204BF0BA00A99CD1 /* Release */,
			);
			defaultConfigurationIsVisible = 0;
			defaultConfigurationName = Release;
		};
		FBE8FC35204BF0BA00A99CD1 /* Build configuration list for PBXNativeTarget "TestProj" */ = {
			isa = XCConfigurationList;
			buildConfigurations = (
				FBE8FC36204BF0BA00A99CD1 /* Debug */,
				FBE8FC37204BF0BA00A99CD1 /* Release */,
			);
			defaultConfigurationIsVisible = 0;
			defaultConfigurationName = Release;
		};
/* End XCConfigurationList section */
	};
	rootObject = FBE8FC17204BF0B900A99CD1 /* Project object */;
}
